
Microsoft Visual Studio Solution File, Format Version 12.00
# Visual Studio 15
VisualStudioVersion = 15.0.28010.2046
MinimumVisualStudioVersion = 10.0.40219.1
Project("{FAE04EC0-301F-11D3-BF4B-00C04F79EFBC}") = "TaiwuDecompiler", "TaiwuDecompiler\TaiwuDecompiler.csproj", "{AF9CBA03-A021-4A20-BF9C-7937878E4939}"
EndProject
Project("{9A19103F-16F7-4668-BE54-9A1E7A4F7556}") = "ICSharpCode.Decompiler", "ILSpy\ICSharpCode.Decompiler\ICSharpCode.Decompiler.csproj", "{15FFB4C0-7785-4ED2-B6D3-444CBF766985}"
EndProject
Global
	GlobalSection(SolutionConfigurationPlatforms) = preSolution
		Debug|Any CPU = Debug|Any CPU
		Release|Any CPU = Release|Any CPU
	EndGlobalSection
	GlobalSection(ProjectConfigurationPlatforms) = postSolution
		{AF9CBA03-A021-4A20-BF9C-7937878E4939}.Debug|Any CPU.ActiveCfg = Debug|Any CPU
		{AF9CBA03-A021-4A20-BF9C-7937878E4939}.Debug|Any CPU.Build.0 = Debug|Any CPU
		{AF9CBA03-A021-4A20-BF9C-7937878E4939}.Release|Any CPU.ActiveCfg = Release|Any CPU
		{AF9CBA03-A021-4A20-BF9C-7937878E4939}.Release|Any CPU.Build.0 = Release|Any CPU
		{15FFB4C0-7785-4ED2-B6D3-444CBF766985}.Debug|Any CPU.ActiveCfg = Debug|Any CPU
		{15FFB4C0-7785-4ED2-B6D3-444CBF766985}.Debug|Any CPU.Build.0 = Debug|Any CPU
		{15FFB4C0-7785-4ED2-B6D3-444CBF766985}.Release|Any CPU.ActiveCfg = Release|Any CPU
		{15FFB4C0-7785-4ED2-B6D3-444CBF766985}.Release|Any CPU.Build.0 = Release|Any CPU
	EndGlobalSection
	GlobalSection(SolutionProperties) = preSolution
		HideSolutionNode = FALSE
	EndGlobalSection
	GlobalSection(ExtensibilityGlobals) = postSolution
		SolutionGuid = {A57A1F54-C71F-4DFF-A037-326A2C1D20BA}
	EndGlobalSection
EndGlobal
